
Microsoft Visual Studio Solution File, Format Version 12.00
# Visual Studio 15
VisualStudioVersion = 15.0.27703.2047
MinimumVisualStudioVersion = 10.0.40219.1
Project("{2150E333-8FDC-42A3-9474-1A3956D46DE8}") = "API", "API", "{1E7F4ED6-2C60-4346-B5B4-C6EC88865102}"
EndProject
Project("{2150E333-8FDC-42A3-9474-1A3956D46DE8}") = "Business Logic", "Business Logic", "{AC759011-F7AC-459E-AABB-591CC4721236}"
EndProject
Project("{2150E333-8FDC-42A3-9474-1A3956D46DE8}") = "Repository", "Repository", "{349FAF37-E2DA-4BA9-A77C-32A8F665624E}"
EndProject
Project("{2150E333-8FDC-42A3-9474-1A3956D46DE8}") = "Common", "Common", "{FC32C515-DEA6-462B-AC67-5E1FD840CF38}"
EndProject
Project("{2150E333-8FDC-42A3-9474-1A3956D46DE8}") = "Display Service", "Display Service", "{3CAEEFE2-60BA-4CEA-B0C3-2EBC7AA44A24}"
EndProject
Project("{2150E333-8FDC-42A3-9474-1A3956D46DE8}") = "Test", "Test", "{DC556A98-7DC9-4324-8112-7972705CBD5E}"
EndProject
Project("{9A19103F-16F7-4668-BE54-9A1E7A4F7556}") = "User.Follower.Api", "User.Follower.Api\User.Follower.Api.csproj", "{4BDF499D-AD6E-4BEE-9153-FF93FD837348}"
EndProject
Project("{9A19103F-16F7-4668-BE54-9A1E7A4F7556}") = "Feed.BusinessLogic", "Feed.BusinessLogic\Feed.BusinessLogic.csproj", "{E95E6BC7-EACA-4A6B-860C-F26D037713F1}"
EndProject
Project("{9A19103F-16F7-4668-BE54-9A1E7A4F7556}") = "Common.Helper.Api", "Common.Helper.Api\Common.Helper.Api.csproj", "{A73EA6CA-B9FE-4DA9-B014-9F579EBFE323}"
EndProject
Project("{9A19103F-16F7-4668-BE54-9A1E7A4F7556}") = "Common.Utility", "Common.Utility\Common.Utility.csproj", "{6E0DC52C-5CD8-45C7-A31B-C331FA88BB62}"
EndProject
Project("{FAE04EC0-301F-11D3-BF4B-00C04F79EFBC}") = "Common.Api", "Common.Api\Common.Api.csproj", "{8D7B6FB7-109A-49A6-9229-8A3757A15C96}"
EndProject
Project("{9A19103F-16F7-4668-BE54-9A1E7A4F7556}") = "Display.Service", "Display.Service\Display.Service.csproj", "{0FFB0BB2-1B25-4D9A-8A10-12F7C9B3F7B3}"
EndProject
Project("{9A19103F-16F7-4668-BE54-9A1E7A4F7556}") = "Feed.Repository", "Feed.Repository\Feed.Repository.csproj", "{AABB955F-C009-430B-8965-BEBEFB35BF4F}"
EndProject
Project("{9A19103F-16F7-4668-BE54-9A1E7A4F7556}") = "Feed.Test", "Feed.Test\Feed.Test.csproj", "{C518A2D7-DC74-4D45-88AC-781B0436CA20}"
EndProject
Global
	GlobalSection(SolutionConfigurationPlatforms) = preSolution
		Debug|Any CPU = Debug|Any CPU
		Release|Any CPU = Release|Any CPU
	EndGlobalSection
	GlobalSection(ProjectConfigurationPlatforms) = postSolution
		{4BDF499D-AD6E-4BEE-9153-FF93FD837348}.Debug|Any CPU.ActiveCfg = Debug|Any CPU
		{4BDF499D-AD6E-4BEE-9153-FF93FD837348}.Debug|Any CPU.Build.0 = Debug|Any CPU
		{4BDF499D-AD6E-4BEE-9153-FF93FD837348}.Release|Any CPU.ActiveCfg = Release|Any CPU
		{4BDF499D-AD6E-4BEE-9153-FF93FD837348}.Release|Any CPU.Build.0 = Release|Any CPU
		{E95E6BC7-EACA-4A6B-860C-F26D037713F1}.Debug|Any CPU.ActiveCfg = Debug|Any CPU
		{E95E6BC7-EACA-4A6B-860C-F26D037713F1}.Debug|Any CPU.Build.0 = Debug|Any CPU
		{E95E6BC7-EACA-4A6B-860C-F26D037713F1}.Release|Any CPU.ActiveCfg = Release|Any CPU
		{E95E6BC7-EACA-4A6B-860C-F26D037713F1}.Release|Any CPU.Build.0 = Release|Any CPU
		{A73EA6CA-B9FE-4DA9-B014-9F579EBFE323}.Debug|Any CPU.ActiveCfg = Debug|Any CPU
		{A73EA6CA-B9FE-4DA9-B014-9F579EBFE323}.Debug|Any CPU.Build.0 = Debug|Any CPU
		{A73EA6CA-B9FE-4DA9-B014-9F579EBFE323}.Release|Any CPU.ActiveCfg = Release|Any CPU
		{A73EA6CA-B9FE-4DA9-B014-9F579EBFE323}.Release|Any CPU.Build.0 = Release|Any CPU
		{6E0DC52C-5CD8-45C7-A31B-C331FA88BB62}.Debug|Any CPU.ActiveCfg = Debug|Any CPU
		{6E0DC52C-5CD8-45C7-A31B-C331FA88BB62}.Debug|Any CPU.Build.0 = Debug|Any CPU
		{6E0DC52C-5CD8-45C7-A31B-C331FA88BB62}.Release|Any CPU.ActiveCfg = Release|Any CPU
		{6E0DC52C-5CD8-45C7-A31B-C331FA88BB62}.Release|Any CPU.Build.0 = Release|Any CPU
		{8D7B6FB7-109A-49A6-9229-8A3757A15C96}.Debug|Any CPU.ActiveCfg = Debug|Any CPU
		{8D7B6FB7-109A-49A6-9229-8A3757A15C96}.Debug|Any CPU.Build.0 = Debug|Any CPU
		{8D7B6FB7-109A-49A6-9229-8A3757A15C96}.Release|Any CPU.ActiveCfg = Release|Any CPU
		{8D7B6FB7-109A-49A6-9229-8A3757A15C96}.Release|Any CPU.Build.0 = Release|Any CPU
		{0FFB0BB2-1B25-4D9A-8A10-12F7C9B3F7B3}.Debug|Any CPU.ActiveCfg = Debug|Any CPU
		{0FFB0BB2-1B25-4D9A-8A10-12F7C9B3F7B3}.Debug|Any CPU.Build.0 = Debug|Any CPU
		{0FFB0BB2-1B25-4D9A-8A10-12F7C9B3F7B3}.Release|Any CPU.ActiveCfg = Release|Any CPU
		{0FFB0BB2-1B25-4D9A-8A10-12F7C9B3F7B3}.Release|Any CPU.Build.0 = Release|Any CPU
		{AABB955F-C009-430B-8965-BEBEFB35BF4F}.Debug|Any CPU.ActiveCfg = Debug|Any CPU
		{AABB955F-C009-430B-8965-BEBEFB35BF4F}.Debug|Any CPU.Build.0 = Debug|Any CPU
		{AABB955F-C009-430B-8965-BEBEFB35BF4F}.Release|Any CPU.ActiveCfg = Release|Any CPU
		{AABB955F-C009-430B-8965-BEBEFB35BF4F}.Release|Any CPU.Build.0 = Release|Any CPU
		{C518A2D7-DC74-4D45-88AC-781B0436CA20}.Debug|Any CPU.ActiveCfg = Debug|Any CPU
		{C518A2D7-DC74-4D45-88AC-781B0436CA20}.Debug|Any CPU.Build.0 = Debug|Any CPU
		{C518A2D7-DC74-4D45-88AC-781B0436CA20}.Release|Any CPU.ActiveCfg = Release|Any CPU
		{C518A2D7-DC74-4D45-88AC-781B0436CA20}.Release|Any CPU.Build.0 = Release|Any CPU
	EndGlobalSection
	GlobalSection(SolutionProperties) = preSolution
		HideSolutionNode = FALSE
	EndGlobalSection
	GlobalSection(NestedProjects) = preSolution
		{4BDF499D-AD6E-4BEE-9153-FF93FD837348} = {1E7F4ED6-2C60-4346-B5B4-C6EC88865102}
		{E95E6BC7-EACA-4A6B-860C-F26D037713F1} = {AC759011-F7AC-459E-AABB-591CC4721236}
		{A73EA6CA-B9FE-4DA9-B014-9F579EBFE323} = {FC32C515-DEA6-462B-AC67-5E1FD840CF38}
		{6E0DC52C-5CD8-45C7-A31B-C331FA88BB62} = {FC32C515-DEA6-462B-AC67-5E1FD840CF38}
		{8D7B6FB7-109A-49A6-9229-8A3757A15C96} = {FC32C515-DEA6-462B-AC67-5E1FD840CF38}
		{0FFB0BB2-1B25-4D9A-8A10-12F7C9B3F7B3} = {3CAEEFE2-60BA-4CEA-B0C3-2EBC7AA44A24}
		{AABB955F-C009-430B-8965-BEBEFB35BF4F} = {349FAF37-E2DA-4BA9-A77C-32A8F665624E}
		{C518A2D7-DC74-4D45-88AC-781B0436CA20} = {DC556A98-7DC9-4324-8112-7972705CBD5E}
	EndGlobalSection
	GlobalSection(ExtensibilityGlobals) = postSolution
		SolutionGuid = {C036C7E7-2D85-46AC-B460-237A50D90388}
	EndGlobalSection
EndGlobal
